// !$*UTF8*$!
{
	archiveVersion = 1;
	classes = {
	};
	objectVersion = 56;
	objects = {

/* Begin PBXBuildFile section */
		D5781E0A2A790AE30059B6BB /* AccountViewController.swift in Sources */ = {isa = PBXBuildFile; fileRef = D5781E092A790AE30059B6BB /* AccountViewController.swift */; };
		D5781E0F2A790AE60059B6BB /* Assets.xcassets in Resources */ = {isa = PBXBuildFile; fileRef = D5781E0E2A790AE60059B6BB /* Assets.xcassets */; };
		D5781E122A790AE60059B6BB /* LaunchScreen.storyboard in Resources */ = {isa = PBXBuildFile; fileRef = D5781E102A790AE60059B6BB /* LaunchScreen.storyboard */; };
		D5781E1B2A790C240059B6BB /* AppDelegate.swift in Sources */ = {isa = PBXBuildFile; fileRef = D5781E1A2A790C240059B6BB /* AppDelegate.swift */; };
		D5781E1D2A791E1A0059B6BB /* ShowAlert.swift in Sources */ = {isa = PBXBuildFile; fileRef = D5781E1C2A791E1A0059B6BB /* ShowAlert.swift */; };
		D5781E202A7920870059B6BB /* AccountCell.swift in Sources */ = {isa = PBXBuildFile; fileRef = D5781E1F2A7920870059B6BB /* AccountCell.swift */; };
		D5781E262A7926DC0059B6BB /* SkillsCell.swift in Sources */ = {isa = PBXBuildFile; fileRef = D5781E252A7926DC0059B6BB /* SkillsCell.swift */; };
		D5781E282A7928F90059B6BB /* AboutCell.swift in Sources */ = {isa = PBXBuildFile; fileRef = D5781E272A7928F90059B6BB /* AboutCell.swift */; };
		D5781E2A2A797C730059B6BB /* SkillsCollectionViewCell.swift in Sources */ = {isa = PBXBuildFile; fileRef = D5781E292A797C730059B6BB /* SkillsCollectionViewCell.swift */; };
		D5781E2D2A798AEA0059B6BB /* SkillsCollectionView.swift in Sources */ = {isa = PBXBuildFile; fileRef = D5781E2C2A798AEA0059B6BB /* SkillsCollectionView.swift */; };
/* End PBXBuildFile section */

/* Begin PBXFileReference section */
		D5781E022A790AE30059B6BB /* SurfTask.app */ = {isa = PBXFileReference; explicitFileType = wrapper.application; includeInIndex = 0; path = SurfTask.app; sourceTree = BUILT_PRODUCTS_DIR; };
		D5781E092A790AE30059B6BB /* AccountViewController.swift */ = {isa = PBXFileReference; lastKnownFileType = sourcecode.swift; path = AccountViewController.swift; sourceTree = "<group>"; };
		D5781E0E2A790AE60059B6BB /* Assets.xcassets */ = {isa = PBXFileReference; lastKnownFileType = folder.assetcatalog; path = Assets.xcassets; sourceTree = "<group>"; };
		D5781E112A790AE60059B6BB /* Base */ = {isa = PBXFileReference; lastKnownFileType = file.storyboard; name = Base; path = Base.lproj/LaunchScreen.storyboard; sourceTree = "<group>"; };
		D5781E132A790AE60059B6BB /* Info.plist */ = {isa = PBXFileReference; lastKnownFileType = text.plist.xml; path = Info.plist; sourceTree = "<group>"; };
		D5781E1A2A790C240059B6BB /* AppDelegate.swift */ = {isa = PBXFileReference; fileEncoding = 4; lastKnownFileType = sourcecode.swift; path = AppDelegate.swift; sourceTree = "<group>"; };
		D5781E1C2A791E1A0059B6BB /* ShowAlert.swift */ = {isa = PBXFileReference; lastKnownFileType = sourcecode.swift; path = ShowAlert.swift; sourceTree = "<group>"; };
		D5781E1F2A7920870059B6BB /* AccountCell.swift */ = {isa = PBXFileReference; lastKnownFileType = sourcecode.swift; path = AccountCell.swift; sourceTree = "<group>"; };
		D5781E252A7926DC0059B6BB /* SkillsCell.swift */ = {isa = PBXFileReference; lastKnownFileType = sourcecode.swift; path = SkillsCell.swift; sourceTree = "<group>"; };
		D5781E272A7928F90059B6BB /* AboutCell.swift */ = {isa = PBXFileReference; lastKnownFileType = sourcecode.swift; path = AboutCell.swift; sourceTree = "<group>"; };
		D5781E292A797C730059B6BB /* SkillsCollectionViewCell.swift */ = {isa = PBXFileReference; lastKnownFileType = sourcecode.swift; path = SkillsCollectionViewCell.swift; sourceTree = "<group>"; };
		D5781E2C2A798AEA0059B6BB /* SkillsCollectionView.swift */ = {isa = PBXFileReference; lastKnownFileType = sourcecode.swift; path = SkillsCollectionView.swift; sourceTree = "<group>"; };
/* End PBXFileReference section */

/* Begin PBXFrameworksBuildPhase section */
		D5781DFF2A790AE30059B6BB /* Frameworks */ = {
			isa = PBXFrameworksBuildPhase;
			buildActionMask = 2147483647;
			files = (
			);
			runOnlyForDeploymentPostprocessing = 0;
		};
/* End PBXFrameworksBuildPhase section */

/* Begin PBXGroup section */
		D5781DF92A790AE30059B6BB = {
			isa = PBXGroup;
			children = (
				D5781E042A790AE30059B6BB /* SurfTask */,
				D5781E032A790AE30059B6BB /* Products */,
			);
			sourceTree = "<group>";
		};
		D5781E032A790AE30059B6BB /* Products */ = {
			isa = PBXGroup;
			children = (
				D5781E022A790AE30059B6BB /* SurfTask.app */,
			);
			name = Products;
			sourceTree = "<group>";
		};
		D5781E042A790AE30059B6BB /* SurfTask */ = {
			isa = PBXGroup;
			children = (
				D5781E192A790B780059B6BB /* AppDelegate */,
				D5781E2B2A798ACB0059B6BB /* ContentViewController */,
				D5781E212A79208B0059B6BB /* Cell */,
				D5781E1E2A791E350059B6BB /* Extension */,
				D5781E0E2A790AE60059B6BB /* Assets.xcassets */,
				D5781E102A790AE60059B6BB /* LaunchScreen.storyboard */,
				D5781E132A790AE60059B6BB /* Info.plist */,
			);
			path = SurfTask;
			sourceTree = "<group>";
		};
		D5781E192A790B780059B6BB /* AppDelegate */ = {
			isa = PBXGroup;
			children = (
				D5781E1A2A790C240059B6BB /* AppDelegate.swift */,
			);
			path = AppDelegate;
			sourceTree = "<group>";
		};
		D5781E1E2A791E350059B6BB /* Extension */ = {
			isa = PBXGroup;
			children = (
				D5781E1C2A791E1A0059B6BB /* ShowAlert.swift */,
			);
			path = Extension;
			sourceTree = "<group>";
		};
		D5781E212A79208B0059B6BB /* Cell */ = {
			isa = PBXGroup;
			children = (
				D5781E1F2A7920870059B6BB /* AccountCell.swift */,
				D5781E292A797C730059B6BB /* SkillsCollectionViewCell.swift */,
				D5781E252A7926DC0059B6BB /* SkillsCell.swift */,
				D5781E272A7928F90059B6BB /* AboutCell.swift */,
			);
			path = Cell;
			sourceTree = "<group>";
		};
		D5781E2B2A798ACB0059B6BB /* ContentViewController */ = {
			isa = PBXGroup;
			children = (
				D5781E092A790AE30059B6BB /* AccountViewController.swift */,
				D5781E2C2A798AEA0059B6BB /* SkillsCollectionView.swift */,
			);
			path = ContentViewController;
			sourceTree = "<group>";
		};
/* End PBXGroup section */

/* Begin PBXNativeTarget section */
		D5781E012A790AE30059B6BB /* SurfTask */ = {
			isa = PBXNativeTarget;
			buildConfigurationList = D5781E162A790AE60059B6BB /* Build configuration list for PBXNativeTarget "SurfTask" */;
			buildPhases = (
				D5781DFE2A790AE30059B6BB /* Sources */,
				D5781DFF2A790AE30059B6BB /* Frameworks */,
				D5781E002A790AE30059B6BB /* Resources */,
			);
			buildRules = (
			);
			dependencies = (
			);
			name = SurfTask;
			productName = SurfTask;
			productReference = D5781E022A790AE30059B6BB /* SurfTask.app */;
			productType = "com.apple.product-type.application";
		};
/* End PBXNativeTarget section */

/* Begin PBXProject section */
		D5781DFA2A790AE30059B6BB /* Project object */ = {
			isa = PBXProject;
			attributes = {
				BuildIndependentTargetsInParallel = 1;
				LastSwiftUpdateCheck = 1420;
				LastUpgradeCheck = 1420;
				TargetAttributes = {
					D5781E012A790AE30059B6BB = {
						CreatedOnToolsVersion = 14.2;
					};
				};
			};
			buildConfigurationList = D5781DFD2A790AE30059B6BB /* Build configuration list for PBXProject "SurfTask" */;
			compatibilityVersion = "Xcode 14.0";
			developmentRegion = en;
			hasScannedForEncodings = 0;
			knownRegions = (
				en,
				Base,
			);
			mainGroup = D5781DF92A790AE30059B6BB;
			productRefGroup = D5781E032A790AE30059B6BB /* Products */;
			projectDirPath = "";
			projectRoot = "";
			targets = (
				D5781E012A790AE30059B6BB /* SurfTask */,
			);
		};
/* End PBXProject section */

/* Begin PBXResourcesBuildPhase section */
		D5781E002A790AE30059B6BB /* Resources */ = {
			isa = PBXResourcesBuildPhase;
			buildActionMask = 2147483647;
			files = (
				D5781E122A790AE60059B6BB /* LaunchScreen.storyboard in Resources */,
				D5781E0F2A790AE60059B6BB /* Assets.xcassets in Resources */,
			);
			runOnlyForDeploymentPostprocessing = 0;
		};
/* End PBXResourcesBuildPhase section */

/* Begin PBXSourcesBuildPhase section */
		D5781DFE2A790AE30059B6BB /* Sources */ = {
			isa = PBXSourcesBuildPhase;
			buildActionMask = 2147483647;
			files = (
				D5781E1B2A790C240059B6BB /* AppDelegate.swift in Sources */,
				D5781E2A2A797C730059B6BB /* SkillsCollectionViewCell.swift in Sources */,
				D5781E202A7920870059B6BB /* AccountCell.swift in Sources */,
				D5781E2D2A798AEA0059B6BB /* SkillsCollectionView.swift in Sources */,
				D5781E1D2A791E1A0059B6BB /* ShowAlert.swift in Sources */,
				D5781E262A7926DC0059B6BB /* SkillsCell.swift in Sources */,
				D5781E0A2A790AE30059B6BB /* AccountViewController.swift in Sources */,
				D5781E282A7928F90059B6BB /* AboutCell.swift in Sources */,
			);
			runOnlyForDeploymentPostprocessing = 0;
		};
/* End PBXSourcesBuildPhase section */

/* Begin PBXVariantGroup section */
		D5781E102A790AE60059B6BB /* LaunchScreen.storyboard */ = {
			isa = PBXVariantGroup;
			children = (
				D5781E112A790AE60059B6BB /* Base */,
			);
			name = LaunchScreen.storyboard;
			sourceTree = "<group>";
		};
/* End PBXVariantGroup section */

/* Begin XCBuildConfiguration section */
		D5781E142A790AE60059B6BB /* Debug */ = {
			isa = XCBuildConfiguration;
			buildSettings = {
				ALWAYS_SEARCH_USER_PATHS = NO;
				CLANG_ANALYZER_NONNULL = YES;
				CLANG_ANALYZER_NUMBER_OBJECT_CONVERSION = YES_AGGRESSIVE;
				CLANG_CXX_LANGUAGE_STANDARD = "gnu++20";
				CLANG_ENABLE_MODULES = YES;
				CLANG_ENABLE_OBJC_ARC = YES;
				CLANG_ENABLE_OBJC_WEAK = YES;
				CLANG_WARN_BLOCK_CAPTURE_AUTORELEASING = YES;
				CLANG_WARN_BOOL_CONVERSION = YES;
				CLANG_WARN_COMMA = YES;
				CLANG_WARN_CONSTANT_CONVERSION = YES;
				CLANG_WARN_DEPRECATED_OBJC_IMPLEMENTATIONS = YES;
				CLANG_WARN_DIRECT_OBJC_ISA_USAGE = YES_ERROR;
				CLANG_WARN_DOCUMENTATION_COMMENTS = YES;
				CLANG_WARN_EMPTY_BODY = YES;
				CLANG_WARN_ENUM_CONVERSION = YES;
				CLANG_WARN_INFINITE_RECURSION = YES;
				CLANG_WARN_INT_CONVERSION = YES;
				CLANG_WARN_NON_LITERAL_NULL_CONVERSION = YES;
				CLANG_WARN_OBJC_IMPLICIT_RETAIN_SELF = YES;
				CLANG_WARN_OBJC_LITERAL_CONVERSION = YES;
				CLANG_WARN_OBJC_ROOT_CLASS = YES_ERROR;
				CLANG_WARN_QUOTED_INCLUDE_IN_FRAMEWORK_HEADER = YES;
				CLANG_WARN_RANGE_LOOP_ANALYSIS = YES;
				CLANG_WARN_STRICT_PROTOTYPES = YES;
				CLANG_WARN_SUSPICIOUS_MOVE = YES;
				CLANG_WARN_UNGUARDED_AVAILABILITY = YES_AGGRESSIVE;
				CLANG_WARN_UNREACHABLE_CODE = YES;
				CLANG_WARN__DUPLICATE_METHOD_MATCH = YES;
				COPY_PHASE_STRIP = NO;
				DEBUG_INFORMATION_FORMAT = dwarf;
				ENABLE_STRICT_OBJC_MSGSEND = YES;
				ENABLE_TESTABILITY = YES;
				GCC_C_LANGUAGE_STANDARD = gnu11;
				GCC_DYNAMIC_NO_PIC = NO;
				GCC_NO_COMMON_BLOCKS = YES;
				GCC_OPTIMIZATION_LEVEL = 0;
				GCC_PREPROCESSOR_DEFINITIONS = (
					"DEBUG=1",
					"$(inherited)",
				);
				GCC_WARN_64_TO_32_BIT_CONVERSION = YES;
				GCC_WARN_ABOUT_RETURN_TYPE = YES_ERROR;
				GCC_WARN_UNDECLARED_SELECTOR = YES;
				GCC_WARN_UNINITIALIZED_AUTOS = YES_AGGRESSIVE;
				GCC_WARN_UNUSED_FUNCTION = YES;
				GCC_WARN_UNUSED_VARIABLE = YES;
				IPHONEOS_DEPLOYMENT_TARGET = 16.2;
				MTL_ENABLE_DEBUG_INFO = INCLUDE_SOURCE;
				MTL_FAST_MATH = YES;
				ONLY_ACTIVE_ARCH = YES;
				SDKROOT = iphoneos;
				SWIFT_ACTIVE_COMPILATION_CONDITIONS = DEBUG;
				SWIFT_OPTIMIZATION_LEVEL = "-Onone";
			};
			name = Debug;
		};
		D5781E152A790AE60059B6BB /* Release */ = {
			isa = XCBuildConfiguration;
			buildSettings = {
				ALWAYS_SEARCH_USER_PATHS = NO;
				CLANG_ANALYZER_NONNULL = YES;
				CLANG_ANALYZER_NUMBER_OBJECT_CONVERSION = YES_AGGRESSIVE;
				CLANG_CXX_LANGUAGE_STANDARD = "gnu++20";
				CLANG_ENABLE_MODULES = YES;
				CLANG_ENABLE_OBJC_ARC = YES;
				CLANG_ENABLE_OBJC_WEAK = YES;
				CLANG_WARN_BLOCK_CAPTURE_AUTORELEASING = YES;
				CLANG_WARN_BOOL_CONVERSION = YES;
				CLANG_WARN_COMMA = YES;
				CLANG_WARN_CONSTANT_CONVERSION = YES;
				CLANG_WARN_DEPRECATED_OBJC_IMPLEMENTATIONS = YES;
				CLANG_WARN_DIRECT_OBJC_ISA_USAGE = YES_ERROR;
				CLANG_WARN_DOCUMENTATION_COMMENTS = YES;
				CLANG_WARN_EMPTY_BODY = YES;
				CLANG_WARN_ENUM_CONVERSION = YES;
				CLANG_WARN_INFINITE_RECURSION = YES;
				CLANG_WARN_INT_CONVERSION = YES;
				CLANG_WARN_NON_LITERAL_NULL_CONVERSION = YES;
				CLANG_WARN_OBJC_IMPLICIT_RETAIN_SELF = YES;
				CLANG_WARN_OBJC_LITERAL_CONVERSION = YES;
				CLANG_WARN_OBJC_ROOT_CLASS = YES_ERROR;
				CLANG_WARN_QUOTED_INCLUDE_IN_FRAMEWORK_HEADER = YES;
				CLANG_WARN_RANGE_LOOP_ANALYSIS = YES;
				CLANG_WARN_STRICT_PROTOTYPES = YES;
				CLANG_WARN_SUSPICIOUS_MOVE = YES;
				CLANG_WARN_UNGUARDED_AVAILABILITY = YES_AGGRESSIVE;
				CLANG_WARN_UNREACHABLE_CODE = YES;
				CLANG_WARN__DUPLICATE_METHOD_MATCH = YES;
				COPY_PHASE_STRIP = NO;
				DEBUG_INFORMATION_FORMAT = "dwarf-with-dsym";
				ENABLE_NS_ASSERTIONS = NO;
				ENABLE_STRICT_OBJC_MSGSEND = YES;
				GCC_C_LANGUAGE_STANDARD = gnu11;
				GCC_NO_COMMON_BLOCKS = YES;
				GCC_WARN_64_TO_32_BIT_CONVERSION = YES;
				GCC_WARN_ABOUT_RETURN_TYPE = YES_ERROR;
				GCC_WARN_UNDECLARED_SELECTOR = YES;
				GCC_WARN_UNINITIALIZED_AUTOS = YES_AGGRESSIVE;
				GCC_WARN_UNUSED_FUNCTION = YES;
				GCC_WARN_UNUSED_VARIABLE = YES;
				IPHONEOS_DEPLOYMENT_TARGET = 16.2;
				MTL_ENABLE_DEBUG_INFO = NO;
				MTL_FAST_MATH = YES;
				SDKROOT = iphoneos;
				SWIFT_COMPILATION_MODE = wholemodule;
				SWIFT_OPTIMIZATION_LEVEL = "-O";
				VALIDATE_PRODUCT = YES;
			};
			name = Release;
		};
		D5781E172A790AE60059B6BB /* Debug */ = {
			isa = XCBuildConfiguration;
			buildSettings = {
				ASSETCATALOG_COMPILER_APPICON_NAME = AppIcon;
				ASSETCATALOG_COMPILER_GLOBAL_ACCENT_COLOR_NAME = AccentColor;
				CODE_SIGN_STYLE = Automatic;
				CURRENT_PROJECT_VERSION = 1;
				DEVELOPMENT_TEAM = V54S3A3W4Z;
				GENERATE_INFOPLIST_FILE = YES;
				INFOPLIST_FILE = SurfTask/Info.plist;
				INFOPLIST_KEY_UIApplicationSupportsIndirectInputEvents = YES;
				INFOPLIST_KEY_UILaunchStoryboardName = LaunchScreen;
				INFOPLIST_KEY_UIStatusBarStyle = UIStatusBarStyleLightContent;
				INFOPLIST_KEY_UISupportedInterfaceOrientations = UIInterfaceOrientationPortrait;
				IPHONEOS_DEPLOYMENT_TARGET = 14.0;
				LD_RUNPATH_SEARCH_PATHS = (
					"$(inherited)",
					"@executable_path/Frameworks",
				);
				MARKETING_VERSION = 1.0;
				PRODUCT_BUNDLE_IDENTIFIER = "Vakil-Kalandarov.SurfTask";
				PRODUCT_NAME = "$(TARGET_NAME)";
				SWIFT_EMIT_LOC_STRINGS = YES;
				SWIFT_VERSION = 5.0;
				TARGETED_DEVICE_FAMILY = "1,2";
			};
			name = Debug;
		};
		D5781E182A790AE60059B6BB /* Release */ = {
			isa = XCBuildConfiguration;
			buildSettings = {
				ASSETCATALOG_COMPILER_APPICON_NAME = AppIcon;
				ASSETCATALOG_COMPILER_GLOBAL_ACCENT_COLOR_NAME = AccentColor;
				CODE_SIGN_STYLE = Automatic;
				CURRENT_PROJECT_VERSION = 1;
				DEVELOPMENT_TEAM = V54S3A3W4Z;
				GENERATE_INFOPLIST_FILE = YES;
				INFOPLIST_FILE = SurfTask/Info.plist;
				INFOPLIST_KEY_UIApplicationSupportsIndirectInputEvents = YES;
				INFOPLIST_KEY_UILaunchStoryboardName = LaunchScreen;
				INFOPLIST_KEY_UIStatusBarStyle = UIStatusBarStyleLightContent;
				INFOPLIST_KEY_UISupportedInterfaceOrientations = UIInterfaceOrientationPortrait;
				IPHONEOS_DEPLOYMENT_TARGET = 14.0;
				LD_RUNPATH_SEARCH_PATHS = (
					"$(inherited)",
					"@executable_path/Frameworks",
				);
				MARKETING_VERSION = 1.0;
				PRODUCT_BUNDLE_IDENTIFIER = "Vakil-Kalandarov.SurfTask";
				PRODUCT_NAME = "$(TARGET_NAME)";
				SWIFT_EMIT_LOC_STRINGS = YES;
				SWIFT_VERSION = 5.0;
				TARGETED_DEVICE_FAMILY = "1,2";
			};
			name = Release;
		};
/* End XCBuildConfiguration section */

/* Begin XCConfigurationList section */
		D5781DFD2A790AE30059B6BB /* Build configuration list for PBXProject "SurfTask" */ = {
			isa = XCConfigurationList;
			buildConfigurations = (
				D5781E142A790AE60059B6BB /* Debug */,
				D5781E152A790AE60059B6BB /* Release */,
			);
			defaultConfigurationIsVisible = 0;
			defaultConfigurationName = Release;
		};
		D5781E162A790AE60059B6BB /* Build configuration list for PBXNativeTarget "SurfTask" */ = {
			isa = XCConfigurationList;
			buildConfigurations = (
				D5781E172A790AE60059B6BB /* Debug */,
				D5781E182A790AE60059B6BB /* Release */,
			);
			defaultConfigurationIsVisible = 0;
			defaultConfigurationName = Release;
		};
/* End XCConfigurationList section */
	};
	rootObject = D5781DFA2A790AE30059B6BB /* Project object */;
}
